# This file is automatically @generated by Cargo.
# It is not intended for manual editing.
[[package]]
name = "cfg-if"
version = "0.1.9"
source = "registry+https://github.com/rust-lang/crates.io-index"

[[package]]
name = "hello_world"
version = "0.0.1"
dependencies = [
 "nx 0.1.0 (git+https://github.com/rusty-horizon/libnx?branch=twili-std-fix)",
]

[[package]]
name = "nx"
version = "0.1.0"
source = "git+https://github.com/rusty-horizon/libnx?branch=twili-std-fix#15de53a97c577da50f63a710101da491be1fe1a8"
dependencies = [
 "cfg-if 0.1.9 (registry+https://github.com/rust-lang/crates.io-index)",
]

[metadata]
"checksum cfg-if 0.1.9 (registry+https://github.com/rust-lang/crates.io-index)" = "b486ce3ccf7ffd79fdeb678eac06a9e6c09fc88d33836340becb8fffe87c5e33"
"checksum nx 0.1.0 (git+https://github.com/rusty-horizon/libnx?branch=twili-std-fix)" = "<none>"
